// !$*UTF8*$!
{
	archiveVersion = 1;
	classes = {
	};
	objectVersion = 48;
	objects = {

/* Begin PBXBuildFile section */
		2DD42550214E6C1DA744C066 /* Pods_OutSideInsidePushNotifications.framework in Frameworks */ = {isa = PBXBuildFile; fileRef = D5F970D62A6C1421F0445739 /* Pods_OutSideInsidePushNotifications.framework */; };
		7CAC19532067F21300B38ACE /* Main.storyboard in Resources */ = {isa = PBXBuildFile; fileRef = 7CAC19512067F21300B38ACE /* Main.storyboard */; };
		7CAC19552067F21300B38ACE /* Assets.xcassets in Resources */ = {isa = PBXBuildFile; fileRef = 7CAC19542067F21300B38ACE /* Assets.xcassets */; };
		7CAC19582067F21300B38ACE /* LaunchScreen.storyboard in Resources */ = {isa = PBXBuildFile; fileRef = 7CAC19562067F21300B38ACE /* LaunchScreen.storyboard */; };
		CB16A4C2206EBA0200637FB8 /* NotificationDatabaseManager.swift in Sources */ = {isa = PBXBuildFile; fileRef = CB16A4C1206EBA0200637FB8 /* NotificationDatabaseManager.swift */; };
		CB16A4C4206EBB9C00637FB8 /* NotificationManagerImplementation.swift in Sources */ = {isa = PBXBuildFile; fileRef = CB16A4C3206EBB9C00637FB8 /* NotificationManagerImplementation.swift */; };
		CB2428782069962D00261482 /* ModuleInput.swift in Sources */ = {isa = PBXBuildFile; fileRef = CB2428772069962D00261482 /* ModuleInput.swift */; };
		CB24287B2069964700261482 /* ModuleInputHolder.swift in Sources */ = {isa = PBXBuildFile; fileRef = CB24287A2069964700261482 /* ModuleInputHolder.swift */; };
		CB24287E20699ABD00261482 /* NotificationView.swift in Sources */ = {isa = PBXBuildFile; fileRef = CB24287D20699ABD00261482 /* NotificationView.swift */; };
		CB24288020699ACF00261482 /* NotificationView.xib in Resources */ = {isa = PBXBuildFile; fileRef = CB24287F20699ACF00261482 /* NotificationView.xib */; };
		CB640AF52069377F0067F3C2 /* CommonAlertsFactoryImpl.swift in Sources */ = {isa = PBXBuildFile; fileRef = CB640AF32069377F0067F3C2 /* CommonAlertsFactoryImpl.swift */; };
		CB640AF62069377F0067F3C2 /* CommonAlertsFactory.swift in Sources */ = {isa = PBXBuildFile; fileRef = CB640AF42069377F0067F3C2 /* CommonAlertsFactory.swift */; };
		CB640AFA206938390067F3C2 /* ReusableView.swift in Sources */ = {isa = PBXBuildFile; fileRef = CB640AF8206938390067F3C2 /* ReusableView.swift */; };
		CB640AFB206938390067F3C2 /* Storyboards.swift in Sources */ = {isa = PBXBuildFile; fileRef = CB640AF9206938390067F3C2 /* Storyboards.swift */; };
		CB648DEA206AECF600009C23 /* RealmNotificationDatabaseManager.swift in Sources */ = {isa = PBXBuildFile; fileRef = CB648DE9206AECF600009C23 /* RealmNotificationDatabaseManager.swift */; };
		CB648DEE206AEDFC00009C23 /* NotificationRealm.swift in Sources */ = {isa = PBXBuildFile; fileRef = CB648DED206AEDFC00009C23 /* NotificationRealm.swift */; };
		FF200884206D4E32004E41DF /* NotificationTableViewController.swift in Sources */ = {isa = PBXBuildFile; fileRef = FF200883206D4E32004E41DF /* NotificationTableViewController.swift */; };
		FF200887206D564F004E41DF /* NotificationTableDataSource.swift in Sources */ = {isa = PBXBuildFile; fileRef = FF200886206D564F004E41DF /* NotificationTableDataSource.swift */; };
		FF20088B206D5736004E41DF /* NotificationTableViewCell.swift in Sources */ = {isa = PBXBuildFile; fileRef = FF200889206D5736004E41DF /* NotificationTableViewCell.swift */; };
		FF20088C206D5736004E41DF /* NotificationTableViewCell.xib in Resources */ = {isa = PBXBuildFile; fileRef = FF20088A206D5736004E41DF /* NotificationTableViewCell.xib */; };
		FF200892206D613D004E41DF /* NotificationTableViewInput.swift in Sources */ = {isa = PBXBuildFile; fileRef = FF200891206D613D004E41DF /* NotificationTableViewInput.swift */; };
		FF200894206D6159004E41DF /* NotificationTableViewOutput.swift in Sources */ = {isa = PBXBuildFile; fileRef = FF200893206D6159004E41DF /* NotificationTableViewOutput.swift */; };
		FF20089A206D8370004E41DF /* NotificationTableDataSourceInput.swift in Sources */ = {isa = PBXBuildFile; fileRef = FF200899206D8370004E41DF /* NotificationTableDataSourceInput.swift */; };
		FF20089E206DA00A004E41DF /* CellModel.swift in Sources */ = {isa = PBXBuildFile; fileRef = FF20089D206DA00A004E41DF /* CellModel.swift */; };
		FF2008A0206DA3AF004E41DF /* NotificationCellModel.swift in Sources */ = {isa = PBXBuildFile; fileRef = FF20089F206DA3AF004E41DF /* NotificationCellModel.swift */; };
		FF2008A2206DA679004E41DF /* NotificationTablePresenter.swift in Sources */ = {isa = PBXBuildFile; fileRef = FF2008A1206DA679004E41DF /* NotificationTablePresenter.swift */; };
		FF2008A4206DA692004E41DF /* NotificationTableInteractor.swift in Sources */ = {isa = PBXBuildFile; fileRef = FF2008A3206DA692004E41DF /* NotificationTableInteractor.swift */; };
		FF2008A6206DA6AB004E41DF /* NotificationTableInteractorInput.swift in Sources */ = {isa = PBXBuildFile; fileRef = FF2008A5206DA6AB004E41DF /* NotificationTableInteractorInput.swift */; };
		FF2008A8206DA6B9004E41DF /* NotificationTableInteractorOutput.swift in Sources */ = {isa = PBXBuildFile; fileRef = FF2008A7206DA6B9004E41DF /* NotificationTableInteractorOutput.swift */; };
		FF2008AB206DA7B3004E41DF /* NotificationTableConfigurator.swift in Sources */ = {isa = PBXBuildFile; fileRef = FF2008AA206DA7B3004E41DF /* NotificationTableConfigurator.swift */; };
		FF2008AD206DA9DA004E41DF /* NotificationTableInitializer.swift in Sources */ = {isa = PBXBuildFile; fileRef = FF2008AC206DA9DA004E41DF /* NotificationTableInitializer.swift */; };
		FF2008AF206DAF1D004E41DF /*  NotificationTableRouter.swift in Sources */ = {isa = PBXBuildFile; fileRef = FF2008AE206DAF1D004E41DF /*  NotificationTableRouter.swift */; };
		FF20137C206EF65800EE01AB /* UIImageViewExtension.swift in Sources */ = {isa = PBXBuildFile; fileRef = FF20137A206EF65800EE01AB /* UIImageViewExtension.swift */; };
		FF20137D206EF65800EE01AB /* Result.swift in Sources */ = {isa = PBXBuildFile; fileRef = FF20137B206EF65800EE01AB /* Result.swift */; };
		FF20137F206EFC6700EE01AB /* NotificationModel.swift in Sources */ = {isa = PBXBuildFile; fileRef = FF20137E206EFC6700EE01AB /* NotificationModel.swift */; };
		FF201380206EFF2D00EE01AB /* AppDelegate.swift in Sources */ = {isa = PBXBuildFile; fileRef = 7CAC194D2067F21300B38ACE /* AppDelegate.swift */; };
		FF20138220703EDA00EE01AB /* NotificationTableRouterInput.swift in Sources */ = {isa = PBXBuildFile; fileRef = FF20138120703EDA00EE01AB /* NotificationTableRouterInput.swift */; };
		FF8A1733206C167800242631 /* NotificationManager.swift in Sources */ = {isa = PBXBuildFile; fileRef = FF8A1732206C167800242631 /* NotificationManager.swift */; };
		FF8A177B206C303B00242631 /* NotificationService.swift in Sources */ = {isa = PBXBuildFile; fileRef = FF8A177A206C303B00242631 /* NotificationService.swift */; };
		FF8A177F206C303B00242631 /* NotificationServiceExtension.appex in Embed App Extensions */ = {isa = PBXBuildFile; fileRef = FF8A1778206C303B00242631 /* NotificationServiceExtension.appex */; settings = {ATTRIBUTES = (RemoveHeadersOnCopy, ); }; };
		FF9917C3206D16D0003B2838 /* NotificationManager.swift in Sources */ = {isa = PBXBuildFile; fileRef = FF8A1732206C167800242631 /* NotificationManager.swift */; };
/* End PBXBuildFile section */

/* Begin PBXContainerItemProxy section */
		FF8A177D206C303B00242631 /* PBXContainerItemProxy */ = {
			isa = PBXContainerItemProxy;
			containerPortal = 7CAC19422067F21300B38ACE /* Project object */;
			proxyType = 1;
			remoteGlobalIDString = FF8A1777206C303B00242631;
			remoteInfo = NotificationServiceExtension;
		};
/* End PBXContainerItemProxy section */

/* Begin PBXCopyFilesBuildPhase section */
		FF8A1750206C2C4600242631 /* Embed App Extensions */ = {
			isa = PBXCopyFilesBuildPhase;
			buildActionMask = 2147483647;
			dstPath = "";
			dstSubfolderSpec = 13;
			files = (
				FF8A177F206C303B00242631 /* NotificationServiceExtension.appex in Embed App Extensions */,
			);
			name = "Embed App Extensions";
			runOnlyForDeploymentPostprocessing = 0;
		};
/* End PBXCopyFilesBuildPhase section */

/* Begin PBXFileReference section */
		0C65C46194CBD53A7DBFD1FD /* Pods-OutSideInsidePushNotifications.debug.xcconfig */ = {isa = PBXFileReference; includeInIndex = 1; lastKnownFileType = text.xcconfig; name = "Pods-OutSideInsidePushNotifications.debug.xcconfig"; path = "Pods/Target Support Files/Pods-OutSideInsidePushNotifications/Pods-OutSideInsidePushNotifications.debug.xcconfig"; sourceTree = "<group>"; };
		7CAC194A2067F21300B38ACE /* OutSideInsidePushNotifications.app */ = {isa = PBXFileReference; explicitFileType = wrapper.application; includeInIndex = 0; path = OutSideInsidePushNotifications.app; sourceTree = BUILT_PRODUCTS_DIR; };
		7CAC194D2067F21300B38ACE /* AppDelegate.swift */ = {isa = PBXFileReference; lastKnownFileType = sourcecode.swift; path = AppDelegate.swift; sourceTree = "<group>"; };
		7CAC19522067F21300B38ACE /* Base */ = {isa = PBXFileReference; lastKnownFileType = file.storyboard; name = Base; path = Base.lproj/Main.storyboard; sourceTree = "<group>"; };
		7CAC19542067F21300B38ACE /* Assets.xcassets */ = {isa = PBXFileReference; lastKnownFileType = folder.assetcatalog; path = Assets.xcassets; sourceTree = "<group>"; };
		7CAC19572067F21300B38ACE /* Base */ = {isa = PBXFileReference; lastKnownFileType = file.storyboard; name = Base; path = Base.lproj/LaunchScreen.storyboard; sourceTree = "<group>"; };
		7CAC19592067F21300B38ACE /* Info.plist */ = {isa = PBXFileReference; lastKnownFileType = text.plist.xml; path = Info.plist; sourceTree = "<group>"; };
		CB16A4C1206EBA0200637FB8 /* NotificationDatabaseManager.swift */ = {isa = PBXFileReference; fileEncoding = 4; lastKnownFileType = sourcecode.swift; path = NotificationDatabaseManager.swift; sourceTree = "<group>"; };
		CB16A4C3206EBB9C00637FB8 /* NotificationManagerImplementation.swift */ = {isa = PBXFileReference; lastKnownFileType = sourcecode.swift; path = NotificationManagerImplementation.swift; sourceTree = "<group>"; };
		CB2428772069962D00261482 /* ModuleInput.swift */ = {isa = PBXFileReference; lastKnownFileType = sourcecode.swift; path = ModuleInput.swift; sourceTree = "<group>"; };
		CB24287A2069964700261482 /* ModuleInputHolder.swift */ = {isa = PBXFileReference; lastKnownFileType = sourcecode.swift; path = ModuleInputHolder.swift; sourceTree = "<group>"; };
		CB24287D20699ABD00261482 /* NotificationView.swift */ = {isa = PBXFileReference; lastKnownFileType = sourcecode.swift; path = NotificationView.swift; sourceTree = "<group>"; };
		CB24287F20699ACF00261482 /* NotificationView.xib */ = {isa = PBXFileReference; lastKnownFileType = file.xib; path = NotificationView.xib; sourceTree = "<group>"; };
		CB32D0B8206D9DAF004379D7 /* OutSideInsidePushNotifications.entitlements */ = {isa = PBXFileReference; lastKnownFileType = text.plist.entitlements; path = OutSideInsidePushNotifications.entitlements; sourceTree = "<group>"; };
		CB640AF32069377F0067F3C2 /* CommonAlertsFactoryImpl.swift */ = {isa = PBXFileReference; fileEncoding = 4; lastKnownFileType = sourcecode.swift; path = CommonAlertsFactoryImpl.swift; sourceTree = "<group>"; };
		CB640AF42069377F0067F3C2 /* CommonAlertsFactory.swift */ = {isa = PBXFileReference; fileEncoding = 4; lastKnownFileType = sourcecode.swift; path = CommonAlertsFactory.swift; sourceTree = "<group>"; };
		CB640AF8206938390067F3C2 /* ReusableView.swift */ = {isa = PBXFileReference; fileEncoding = 4; lastKnownFileType = sourcecode.swift; path = ReusableView.swift; sourceTree = "<group>"; };
		CB640AF9206938390067F3C2 /* Storyboards.swift */ = {isa = PBXFileReference; fileEncoding = 4; lastKnownFileType = sourcecode.swift; path = Storyboards.swift; sourceTree = "<group>"; };
		CB648DE9206AECF600009C23 /* RealmNotificationDatabaseManager.swift */ = {isa = PBXFileReference; lastKnownFileType = sourcecode.swift; path = RealmNotificationDatabaseManager.swift; sourceTree = "<group>"; };
		CB648DED206AEDFC00009C23 /* NotificationRealm.swift */ = {isa = PBXFileReference; fileEncoding = 4; lastKnownFileType = sourcecode.swift; path = NotificationRealm.swift; sourceTree = "<group>"; };
		CD4F0C6D923E1409A0CC70A9 /* Pods-OutSideInsidePushNotifications.release.xcconfig */ = {isa = PBXFileReference; includeInIndex = 1; lastKnownFileType = text.xcconfig; name = "Pods-OutSideInsidePushNotifications.release.xcconfig"; path = "Pods/Target Support Files/Pods-OutSideInsidePushNotifications/Pods-OutSideInsidePushNotifications.release.xcconfig"; sourceTree = "<group>"; };
		D5F970D62A6C1421F0445739 /* Pods_OutSideInsidePushNotifications.framework */ = {isa = PBXFileReference; explicitFileType = wrapper.framework; includeInIndex = 0; path = Pods_OutSideInsidePushNotifications.framework; sourceTree = BUILT_PRODUCTS_DIR; };
		FF200883206D4E32004E41DF /* NotificationTableViewController.swift */ = {isa = PBXFileReference; lastKnownFileType = sourcecode.swift; path = NotificationTableViewController.swift; sourceTree = "<group>"; };
		FF200886206D564F004E41DF /* NotificationTableDataSource.swift */ = {isa = PBXFileReference; lastKnownFileType = sourcecode.swift; path = NotificationTableDataSource.swift; sourceTree = "<group>"; };
		FF200889206D5736004E41DF /* NotificationTableViewCell.swift */ = {isa = PBXFileReference; lastKnownFileType = sourcecode.swift; path = NotificationTableViewCell.swift; sourceTree = "<group>"; };
		FF20088A206D5736004E41DF /* NotificationTableViewCell.xib */ = {isa = PBXFileReference; lastKnownFileType = file.xib; path = NotificationTableViewCell.xib; sourceTree = "<group>"; };
		FF200891206D613D004E41DF /* NotificationTableViewInput.swift */ = {isa = PBXFileReference; lastKnownFileType = sourcecode.swift; path = NotificationTableViewInput.swift; sourceTree = "<group>"; };
		FF200893206D6159004E41DF /* NotificationTableViewOutput.swift */ = {isa = PBXFileReference; lastKnownFileType = sourcecode.swift; path = NotificationTableViewOutput.swift; sourceTree = "<group>"; };
		FF200899206D8370004E41DF /* NotificationTableDataSourceInput.swift */ = {isa = PBXFileReference; lastKnownFileType = sourcecode.swift; path = NotificationTableDataSourceInput.swift; sourceTree = "<group>"; };
		FF20089D206DA00A004E41DF /* CellModel.swift */ = {isa = PBXFileReference; lastKnownFileType = sourcecode.swift; path = CellModel.swift; sourceTree = "<group>"; };
		FF20089F206DA3AF004E41DF /* NotificationCellModel.swift */ = {isa = PBXFileReference; lastKnownFileType = sourcecode.swift; path = NotificationCellModel.swift; sourceTree = "<group>"; };
		FF2008A1206DA679004E41DF /* NotificationTablePresenter.swift */ = {isa = PBXFileReference; lastKnownFileType = sourcecode.swift; path = NotificationTablePresenter.swift; sourceTree = "<group>"; };
		FF2008A3206DA692004E41DF /* NotificationTableInteractor.swift */ = {isa = PBXFileReference; lastKnownFileType = sourcecode.swift; path = NotificationTableInteractor.swift; sourceTree = "<group>"; };
		FF2008A5206DA6AB004E41DF /* NotificationTableInteractorInput.swift */ = {isa = PBXFileReference; lastKnownFileType = sourcecode.swift; path = NotificationTableInteractorInput.swift; sourceTree = "<group>"; };
		FF2008A7206DA6B9004E41DF /* NotificationTableInteractorOutput.swift */ = {isa = PBXFileReference; lastKnownFileType = sourcecode.swift; path = NotificationTableInteractorOutput.swift; sourceTree = "<group>"; };
		FF2008AA206DA7B3004E41DF /* NotificationTableConfigurator.swift */ = {isa = PBXFileReference; lastKnownFileType = sourcecode.swift; path = NotificationTableConfigurator.swift; sourceTree = "<group>"; };
		FF2008AC206DA9DA004E41DF /* NotificationTableInitializer.swift */ = {isa = PBXFileReference; lastKnownFileType = sourcecode.swift; path = NotificationTableInitializer.swift; sourceTree = "<group>"; };
		FF2008AE206DAF1D004E41DF /*  NotificationTableRouter.swift */ = {isa = PBXFileReference; lastKnownFileType = sourcecode.swift; path = " NotificationTableRouter.swift"; sourceTree = "<group>"; };
		FF20137A206EF65800EE01AB /* UIImageViewExtension.swift */ = {isa = PBXFileReference; fileEncoding = 4; lastKnownFileType = sourcecode.swift; path = UIImageViewExtension.swift; sourceTree = "<group>"; };
		FF20137B206EF65800EE01AB /* Result.swift */ = {isa = PBXFileReference; fileEncoding = 4; lastKnownFileType = sourcecode.swift; path = Result.swift; sourceTree = "<group>"; };
		FF20137E206EFC6700EE01AB /* NotificationModel.swift */ = {isa = PBXFileReference; lastKnownFileType = sourcecode.swift; path = NotificationModel.swift; sourceTree = "<group>"; };
		FF20138120703EDA00EE01AB /* NotificationTableRouterInput.swift */ = {isa = PBXFileReference; lastKnownFileType = sourcecode.swift; path = NotificationTableRouterInput.swift; sourceTree = "<group>"; };
		FF8A1732206C167800242631 /* NotificationManager.swift */ = {isa = PBXFileReference; lastKnownFileType = sourcecode.swift; path = NotificationManager.swift; sourceTree = "<group>"; };
		FF8A173F206C2C4600242631 /* UserNotifications.framework */ = {isa = PBXFileReference; lastKnownFileType = wrapper.framework; name = UserNotifications.framework; path = System/Library/Frameworks/UserNotifications.framework; sourceTree = SDKROOT; };
		FF8A1741206C2C4600242631 /* UserNotificationsUI.framework */ = {isa = PBXFileReference; lastKnownFileType = wrapper.framework; name = UserNotificationsUI.framework; path = System/Library/Frameworks/UserNotificationsUI.framework; sourceTree = SDKROOT; };
		FF8A1778206C303B00242631 /* NotificationServiceExtension.appex */ = {isa = PBXFileReference; explicitFileType = "wrapper.app-extension"; includeInIndex = 0; path = NotificationServiceExtension.appex; sourceTree = BUILT_PRODUCTS_DIR; };
		FF8A177A206C303B00242631 /* NotificationService.swift */ = {isa = PBXFileReference; lastKnownFileType = sourcecode.swift; path = NotificationService.swift; sourceTree = "<group>"; };
		FF8A177C206C303B00242631 /* Info.plist */ = {isa = PBXFileReference; lastKnownFileType = text.plist.xml; path = Info.plist; sourceTree = "<group>"; };
/* End PBXFileReference section */

/* Begin PBXFrameworksBuildPhase section */
		7CAC19472067F21300B38ACE /* Frameworks */ = {
			isa = PBXFrameworksBuildPhase;
			buildActionMask = 2147483647;
			files = (
				2DD42550214E6C1DA744C066 /* Pods_OutSideInsidePushNotifications.framework in Frameworks */,
			);
			runOnlyForDeploymentPostprocessing = 0;
		};
		FF8A1775206C303B00242631 /* Frameworks */ = {
			isa = PBXFrameworksBuildPhase;
			buildActionMask = 2147483647;
			files = (
			);
			runOnlyForDeploymentPostprocessing = 0;
		};
/* End PBXFrameworksBuildPhase section */

/* Begin PBXGroup section */
		7CAC19412067F21300B38ACE = {
			isa = PBXGroup;
			children = (
				7CAC194C2067F21300B38ACE /* OutSideInsidePushNotifications */,
				FF8A1779206C303B00242631 /* NotificationServiceExtension */,
				7CAC194B2067F21300B38ACE /* Products */,
				CFDE61CFFB4266C4F1254880 /* Pods */,
				7E037F954097C07000BA2F88 /* Frameworks */,
			);
			sourceTree = "<group>";
		};
		7CAC194B2067F21300B38ACE /* Products */ = {
			isa = PBXGroup;
			children = (
				7CAC194A2067F21300B38ACE /* OutSideInsidePushNotifications.app */,
				FF8A1778206C303B00242631 /* NotificationServiceExtension.appex */,
			);
			name = Products;
			sourceTree = "<group>";
		};
		7CAC194C2067F21300B38ACE /* OutSideInsidePushNotifications */ = {
			isa = PBXGroup;
			children = (
				CB16A4BD206E138200637FB8 /* Parsers */,
				CB32D0B8206D9DAF004379D7 /* OutSideInsidePushNotifications.entitlements */,
				CB648DEB206AEDFC00009C23 /* Entities */,
				CB648DE5206AECC400009C23 /* Managers */,
				CB640AF1206937370067F3C2 /* Helpers */,
				CB640AF0206936E00067F3C2 /* Modules */,
				CB640AEE206936A10067F3C2 /* Commons */,
			);
			path = OutSideInsidePushNotifications;
			sourceTree = "<group>";
		};
		7E037F954097C07000BA2F88 /* Frameworks */ = {
			isa = PBXGroup;
			children = (
				D5F970D62A6C1421F0445739 /* Pods_OutSideInsidePushNotifications.framework */,
				FF8A173F206C2C4600242631 /* UserNotifications.framework */,
				FF8A1741206C2C4600242631 /* UserNotificationsUI.framework */,
			);
			name = Frameworks;
			sourceTree = "<group>";
		};
		CB16A4BD206E138200637FB8 /* Parsers */ = {
			isa = PBXGroup;
			children = (
			);
			path = Parsers;
			sourceTree = "<group>";
		};
		CB2428762069961200261482 /* ModuleInput */ = {
			isa = PBXGroup;
			children = (
				CB2428772069962D00261482 /* ModuleInput.swift */,
				CB24287A2069964700261482 /* ModuleInputHolder.swift */,
			);
			path = ModuleInput;
			sourceTree = "<group>";
		};
		CB24287C20699A8E00261482 /* NotificationView */ = {
			isa = PBXGroup;
			children = (
				CB24287D20699ABD00261482 /* NotificationView.swift */,
				CB24287F20699ACF00261482 /* NotificationView.xib */,
			);
			path = NotificationView;
			sourceTree = "<group>";
		};
		CB640AEE206936A10067F3C2 /* Commons */ = {
			isa = PBXGroup;
			children = (
				7CAC194D2067F21300B38ACE /* AppDelegate.swift */,
				7CAC19512067F21300B38ACE /* Main.storyboard */,
				7CAC19542067F21300B38ACE /* Assets.xcassets */,
				7CAC19562067F21300B38ACE /* LaunchScreen.storyboard */,
				7CAC19592067F21300B38ACE /* Info.plist */,
			);
			path = Commons;
			sourceTree = "<group>";
		};
		CB640AF0206936E00067F3C2 /* Modules */ = {
			isa = PBXGroup;
			children = (
				FF20087D206D4CFA004E41DF /* NotificationTable */,
			);
			path = Modules;
			sourceTree = "<group>";
		};
		CB640AF1206937370067F3C2 /* Helpers */ = {
			isa = PBXGroup;
			children = (
				CB24287C20699A8E00261482 /* NotificationView */,
				CB2428762069961200261482 /* ModuleInput */,
				CB640AF7206937F50067F3C2 /* Storyboard */,
				CB640AF22069377F0067F3C2 /* AlertsFactory */,
			);
			path = Helpers;
			sourceTree = "<group>";
		};
		CB640AF22069377F0067F3C2 /* AlertsFactory */ = {
			isa = PBXGroup;
			children = (
				CB640AF32069377F0067F3C2 /* CommonAlertsFactoryImpl.swift */,
				CB640AF42069377F0067F3C2 /* CommonAlertsFactory.swift */,
			);
			path = AlertsFactory;
			sourceTree = "<group>";
		};
		CB640AF7206937F50067F3C2 /* Storyboard */ = {
			isa = PBXGroup;
			children = (
				CB640AF8206938390067F3C2 /* ReusableView.swift */,
				CB640AF9206938390067F3C2 /* Storyboards.swift */,
			);
			path = Storyboard;
			sourceTree = "<group>";
		};
		CB648DE5206AECC400009C23 /* Managers */ = {
			isa = PBXGroup;
			children = (
				FF8A1738206C287500242631 /* NotificationManager */,
				CB648DE6206AECCB00009C23 /* NotificationDatabase */,
			);
			path = Managers;
			sourceTree = "<group>";
		};
		CB648DE6206AECCB00009C23 /* NotificationDatabase */ = {
			isa = PBXGroup;
			children = (
				CB16A4C1206EBA0200637FB8 /* NotificationDatabaseManager.swift */,
				CB648DE9206AECF600009C23 /* RealmNotificationDatabaseManager.swift */,
			);
			path = NotificationDatabase;
			sourceTree = "<group>";
		};
		CB648DEB206AEDFC00009C23 /* Entities */ = {
			isa = PBXGroup;
			children = (
				CB648DEF206AEE5100009C23 /* POSO */,
				CB648DEC206AEDFC00009C23 /* Realm */,
			);
			path = Entities;
			sourceTree = "<group>";
		};
		CB648DEC206AEDFC00009C23 /* Realm */ = {
			isa = PBXGroup;
			children = (
				CB648DED206AEDFC00009C23 /* NotificationRealm.swift */,
			);
			path = Realm;
			sourceTree = "<group>";
		};
		CB648DEF206AEE5100009C23 /* POSO */ = {
			isa = PBXGroup;
			children = (
				FF20137E206EFC6700EE01AB /* NotificationModel.swift */,
			);
			path = POSO;
			sourceTree = "<group>";
		};
		CFDE61CFFB4266C4F1254880 /* Pods */ = {
			isa = PBXGroup;
			children = (
				0C65C46194CBD53A7DBFD1FD /* Pods-OutSideInsidePushNotifications.debug.xcconfig */,
				CD4F0C6D923E1409A0CC70A9 /* Pods-OutSideInsidePushNotifications.release.xcconfig */,
			);
			name = Pods;
			sourceTree = "<group>";
		};
		FF20087D206D4CFA004E41DF /* NotificationTable */ = {
			isa = PBXGroup;
			children = (
				FF201379206EF65800EE01AB /* Helpers */,
				FF2008A9206DA79B004E41DF /* Configurator */,
				FF200888206D5713004E41DF /* NotificationCell */,
				FF200885206D55CB004E41DF /* DataSource */,
				FF200882206D4D2B004E41DF /* Router */,
				FF200881206D4D23004E41DF /* Entities */,
				FF200880206D4D1D004E41DF /* Presenter */,
				FF20087F206D4D15004E41DF /* Interactor */,
				FF20087E206D4D0C004E41DF /* View */,
			);
			path = NotificationTable;
			sourceTree = "<group>";
		};
		FF20087E206D4D0C004E41DF /* View */ = {
			isa = PBXGroup;
			children = (
				FF200883206D4E32004E41DF /* NotificationTableViewController.swift */,
				FF200891206D613D004E41DF /* NotificationTableViewInput.swift */,
				FF200893206D6159004E41DF /* NotificationTableViewOutput.swift */,
			);
			path = View;
			sourceTree = "<group>";
		};
		FF20087F206D4D15004E41DF /* Interactor */ = {
			isa = PBXGroup;
			children = (
				FF2008A3206DA692004E41DF /* NotificationTableInteractor.swift */,
				FF2008A5206DA6AB004E41DF /* NotificationTableInteractorInput.swift */,
				FF2008A7206DA6B9004E41DF /* NotificationTableInteractorOutput.swift */,
			);
			path = Interactor;
			sourceTree = "<group>";
		};
		FF200880206D4D1D004E41DF /* Presenter */ = {
			isa = PBXGroup;
			children = (
				FF2008A1206DA679004E41DF /* NotificationTablePresenter.swift */,
			);
			path = Presenter;
			sourceTree = "<group>";
		};
		FF200881206D4D23004E41DF /* Entities */ = {
			isa = PBXGroup;
			children = (
				FF20089D206DA00A004E41DF /* CellModel.swift */,
				FF20089F206DA3AF004E41DF /* NotificationCellModel.swift */,
			);
			path = Entities;
			sourceTree = "<group>";
		};
		FF200882206D4D2B004E41DF /* Router */ = {
			isa = PBXGroup;
			children = (
				FF2008AE206DAF1D004E41DF /*  NotificationTableRouter.swift */,
				FF20138120703EDA00EE01AB /* NotificationTableRouterInput.swift */,
			);
			path = Router;
			sourceTree = "<group>";
		};
		FF200885206D55CB004E41DF /* DataSource */ = {
			isa = PBXGroup;
			children = (
				FF200899206D8370004E41DF /* NotificationTableDataSourceInput.swift */,
				FF200886206D564F004E41DF /* NotificationTableDataSource.swift */,
			);
			path = DataSource;
			sourceTree = "<group>";
		};
		FF200888206D5713004E41DF /* NotificationCell */ = {
			isa = PBXGroup;
			children = (
				FF200889206D5736004E41DF /* NotificationTableViewCell.swift */,
				FF20088A206D5736004E41DF /* NotificationTableViewCell.xib */,
			);
			path = NotificationCell;
			sourceTree = "<group>";
		};
		FF2008A9206DA79B004E41DF /* Configurator */ = {
			isa = PBXGroup;
			children = (
				FF2008AA206DA7B3004E41DF /* NotificationTableConfigurator.swift */,
				FF2008AC206DA9DA004E41DF /* NotificationTableInitializer.swift */,
			);
			path = Configurator;
			sourceTree = "<group>";
		};
		FF201379206EF65800EE01AB /* Helpers */ = {
			isa = PBXGroup;
			children = (
				FF20137A206EF65800EE01AB /* UIImageViewExtension.swift */,
				FF20137B206EF65800EE01AB /* Result.swift */,
			);
			path = Helpers;
			sourceTree = "<group>";
		};
		FF8A1738206C287500242631 /* NotificationManager */ = {
			isa = PBXGroup;
			children = (
				FF8A1732206C167800242631 /* NotificationManager.swift */,
				CB16A4C3206EBB9C00637FB8 /* NotificationManagerImplementation.swift */,
			);
			path = NotificationManager;
			sourceTree = "<group>";
		};
		FF8A1779206C303B00242631 /* NotificationServiceExtension */ = {
			isa = PBXGroup;
			children = (
				FF8A177A206C303B00242631 /* NotificationService.swift */,
				FF8A177C206C303B00242631 /* Info.plist */,
			);
			path = NotificationServiceExtension;
			sourceTree = "<group>";
		};
/* End PBXGroup section */

/* Begin PBXNativeTarget section */
		7CAC19492067F21300B38ACE /* OutSideInsidePushNotifications */ = {
			isa = PBXNativeTarget;
			buildConfigurationList = 7CAC195C2067F21300B38ACE /* Build configuration list for PBXNativeTarget "OutSideInsidePushNotifications" */;
			buildPhases = (
				37F465282443CA0D7B4FECD6 /* [CP] Check Pods Manifest.lock */,
				7CAC19462067F21300B38ACE /* Sources */,
				7CAC19472067F21300B38ACE /* Frameworks */,
				7CAC19482067F21300B38ACE /* Resources */,
				6CCB9A9E8ED99C4B642B158C /* [CP] Embed Pods Frameworks */,
				BA5E1F768A27528F2DB86658 /* [CP] Copy Pods Resources */,
				FF8A1750206C2C4600242631 /* Embed App Extensions */,
			);
			buildRules = (
			);
			dependencies = (
				FF8A177E206C303B00242631 /* PBXTargetDependency */,
			);
			name = OutSideInsidePushNotifications;
			productName = OutSideInsidePushNotifications;
			productReference = 7CAC194A2067F21300B38ACE /* OutSideInsidePushNotifications.app */;
			productType = "com.apple.product-type.application";
		};
		FF8A1777206C303B00242631 /* NotificationServiceExtension */ = {
			isa = PBXNativeTarget;
			buildConfigurationList = FF8A1780206C303B00242631 /* Build configuration list for PBXNativeTarget "NotificationServiceExtension" */;
			buildPhases = (
				FF8A1774206C303B00242631 /* Sources */,
				FF8A1775206C303B00242631 /* Frameworks */,
				FF8A1776206C303B00242631 /* Resources */,
			);
			buildRules = (
			);
			dependencies = (
			);
			name = NotificationServiceExtension;
			productName = NotificationServiceExtension;
			productReference = FF8A1778206C303B00242631 /* NotificationServiceExtension.appex */;
			productType = "com.apple.product-type.app-extension";
		};
/* End PBXNativeTarget section */

/* Begin PBXProject section */
		7CAC19422067F21300B38ACE /* Project object */ = {
			isa = PBXProject;
			attributes = {
				LastSwiftUpdateCheck = 0920;
				LastUpgradeCheck = 0920;
				ORGANIZATIONNAME = iOSLab;
				TargetAttributes = {
					7CAC19492067F21300B38ACE = {
						CreatedOnToolsVersion = 9.2;
						ProvisioningStyle = Manual;
						SystemCapabilities = {
							com.apple.BackgroundModes = {
								enabled = 1;
							};
							com.apple.Push = {
								enabled = 1;
							};
						};
					};
					FF8A1777206C303B00242631 = {
						CreatedOnToolsVersion = 9.2;
						ProvisioningStyle = Automatic;
					};
				};
			};
			buildConfigurationList = 7CAC19452067F21300B38ACE /* Build configuration list for PBXProject "OutSideInsidePushNotifications" */;
			compatibilityVersion = "Xcode 8.0";
			developmentRegion = en;
			hasScannedForEncodings = 0;
			knownRegions = (
				en,
				Base,
			);
			mainGroup = 7CAC19412067F21300B38ACE;
			productRefGroup = 7CAC194B2067F21300B38ACE /* Products */;
			projectDirPath = "";
			projectRoot = "";
			targets = (
				7CAC19492067F21300B38ACE /* OutSideInsidePushNotifications */,
				FF8A1777206C303B00242631 /* NotificationServiceExtension */,
			);
		};
/* End PBXProject section */

/* Begin PBXResourcesBuildPhase section */
		7CAC19482067F21300B38ACE /* Resources */ = {
			isa = PBXResourcesBuildPhase;
			buildActionMask = 2147483647;
			files = (
				FF20088C206D5736004E41DF /* NotificationTableViewCell.xib in Resources */,
				7CAC19582067F21300B38ACE /* LaunchScreen.storyboard in Resources */,
				7CAC19552067F21300B38ACE /* Assets.xcassets in Resources */,
				7CAC19532067F21300B38ACE /* Main.storyboard in Resources */,
				CB24288020699ACF00261482 /* NotificationView.xib in Resources */,
			);
			runOnlyForDeploymentPostprocessing = 0;
		};
		FF8A1776206C303B00242631 /* Resources */ = {
			isa = PBXResourcesBuildPhase;
			buildActionMask = 2147483647;
			files = (
			);
			runOnlyForDeploymentPostprocessing = 0;
		};
/* End PBXResourcesBuildPhase section */

/* Begin PBXShellScriptBuildPhase section */
		37F465282443CA0D7B4FECD6 /* [CP] Check Pods Manifest.lock */ = {
			isa = PBXShellScriptBuildPhase;
			buildActionMask = 2147483647;
			files = (
			);
			inputPaths = (
				"${PODS_PODFILE_DIR_PATH}/Podfile.lock",
				"${PODS_ROOT}/Manifest.lock",
			);
			name = "[CP] Check Pods Manifest.lock";
			outputPaths = (
				"$(DERIVED_FILE_DIR)/Pods-OutSideInsidePushNotifications-checkManifestLockResult.txt",
			);
			runOnlyForDeploymentPostprocessing = 0;
			shellPath = /bin/sh;
			shellScript = "diff \"${PODS_PODFILE_DIR_PATH}/Podfile.lock\" \"${PODS_ROOT}/Manifest.lock\" > /dev/null\nif [ $? != 0 ] ; then\n    # print error to STDERR\n    echo \"error: The sandbox is not in sync with the Podfile.lock. Run 'pod install' or update your CocoaPods installation.\" >&2\n    exit 1\nfi\n# This output is used by Xcode 'outputs' to avoid re-running this script phase.\necho \"SUCCESS\" > \"${SCRIPT_OUTPUT_FILE_0}\"\n";
			showEnvVarsInLog = 0;
		};
		6CCB9A9E8ED99C4B642B158C /* [CP] Embed Pods Frameworks */ = {
			isa = PBXShellScriptBuildPhase;
			buildActionMask = 2147483647;
			files = (
			);
			inputPaths = (
				"${SRCROOT}/Pods/Target Support Files/Pods-OutSideInsidePushNotifications/Pods-OutSideInsidePushNotifications-frameworks.sh",
				"${BUILT_PRODUCTS_DIR}/Realm/Realm.framework",
				"${BUILT_PRODUCTS_DIR}/RealmSwift/RealmSwift.framework",
				"${BUILT_PRODUCTS_DIR}/SDWebImage/SDWebImage.framework",
			);
			name = "[CP] Embed Pods Frameworks";
			outputPaths = (
				"${TARGET_BUILD_DIR}/${FRAMEWORKS_FOLDER_PATH}/Realm.framework",
				"${TARGET_BUILD_DIR}/${FRAMEWORKS_FOLDER_PATH}/RealmSwift.framework",
				"${TARGET_BUILD_DIR}/${FRAMEWORKS_FOLDER_PATH}/SDWebImage.framework",
			);
			runOnlyForDeploymentPostprocessing = 0;
			shellPath = /bin/sh;
			shellScript = "\"${SRCROOT}/Pods/Target Support Files/Pods-OutSideInsidePushNotifications/Pods-OutSideInsidePushNotifications-frameworks.sh\"\n";
			showEnvVarsInLog = 0;
		};
		BA5E1F768A27528F2DB86658 /* [CP] Copy Pods Resources */ = {
			isa = PBXShellScriptBuildPhase;
			buildActionMask = 2147483647;
			files = (
			);
			inputPaths = (
			);
			name = "[CP] Copy Pods Resources";
			outputPaths = (
			);
			runOnlyForDeploymentPostprocessing = 0;
			shellPath = /bin/sh;
			shellScript = "\"${SRCROOT}/Pods/Target Support Files/Pods-OutSideInsidePushNotifications/Pods-OutSideInsidePushNotifications-resources.sh\"\n";
			showEnvVarsInLog = 0;
		};
/* End PBXShellScriptBuildPhase section */

/* Begin PBXSourcesBuildPhase section */
		7CAC19462067F21300B38ACE /* Sources */ = {
			isa = PBXSourcesBuildPhase;
			buildActionMask = 2147483647;
			files = (
				FF201380206EFF2D00EE01AB /* AppDelegate.swift in Sources */,
				CB648DEA206AECF600009C23 /* RealmNotificationDatabaseManager.swift in Sources */,
				CB24287B2069964700261482 /* ModuleInputHolder.swift in Sources */,
				FF20089A206D8370004E41DF /* NotificationTableDataSourceInput.swift in Sources */,
				FF20089E206DA00A004E41DF /* CellModel.swift in Sources */,
				CB640AF62069377F0067F3C2 /* CommonAlertsFactory.swift in Sources */,
				FF2008A4206DA692004E41DF /* NotificationTableInteractor.swift in Sources */,
				FF2008A8206DA6B9004E41DF /* NotificationTableInteractorOutput.swift in Sources */,
				FF200894206D6159004E41DF /* NotificationTableViewOutput.swift in Sources */,
				FF2008A2206DA679004E41DF /* NotificationTablePresenter.swift in Sources */,
				FF2008AB206DA7B3004E41DF /* NotificationTableConfigurator.swift in Sources */,
				CB640AFB206938390067F3C2 /* Storyboards.swift in Sources */,
				FF2008AD206DA9DA004E41DF /* NotificationTableInitializer.swift in Sources */,
				CB24287E20699ABD00261482 /* NotificationView.swift in Sources */,
				CB640AF52069377F0067F3C2 /* CommonAlertsFactoryImpl.swift in Sources */,
				FF2008A6206DA6AB004E41DF /* NotificationTableInteractorInput.swift in Sources */,
				FF200887206D564F004E41DF /* NotificationTableDataSource.swift in Sources */,
				FF20138220703EDA00EE01AB /* NotificationTableRouterInput.swift in Sources */,
				FF200892206D613D004E41DF /* NotificationTableViewInput.swift in Sources */,
				FF20088B206D5736004E41DF /* NotificationTableViewCell.swift in Sources */,
				FF20137F206EFC6700EE01AB /* NotificationModel.swift in Sources */,
				FF20137C206EF65800EE01AB /* UIImageViewExtension.swift in Sources */,
				CB16A4C4206EBB9C00637FB8 /* NotificationManagerImplementation.swift in Sources */,
				CB16A4C2206EBA0200637FB8 /* NotificationDatabaseManager.swift in Sources */,
				CB2428782069962D00261482 /* ModuleInput.swift in Sources */,
				FF200884206D4E32004E41DF /* NotificationTableViewController.swift in Sources */,
				FF20137D206EF65800EE01AB /* Result.swift in Sources */,
				FF2008AF206DAF1D004E41DF /*  NotificationTableRouter.swift in Sources */,
				FF2008A0206DA3AF004E41DF /* NotificationCellModel.swift in Sources */,
				CB648DEE206AEDFC00009C23 /* NotificationRealm.swift in Sources */,
				FF8A1733206C167800242631 /* NotificationManager.swift in Sources */,
				CB640AFA206938390067F3C2 /* ReusableView.swift in Sources */,
			);
			runOnlyForDeploymentPostprocessing = 0;
		};
		FF8A1774206C303B00242631 /* Sources */ = {
			isa = PBXSourcesBuildPhase;
			buildActionMask = 2147483647;
			files = (
				FF9917C3206D16D0003B2838 /* NotificationManager.swift in Sources */,
				FF8A177B206C303B00242631 /* NotificationService.swift in Sources */,
			);
			runOnlyForDeploymentPostprocessing = 0;
		};
/* End PBXSourcesBuildPhase section */

/* Begin PBXTargetDependency section */
		FF8A177E206C303B00242631 /* PBXTargetDependency */ = {
			isa = PBXTargetDependency;
			target = FF8A1777206C303B00242631 /* NotificationServiceExtension */;
			targetProxy = FF8A177D206C303B00242631 /* PBXContainerItemProxy */;
		};
/* End PBXTargetDependency section */

/* Begin PBXVariantGroup section */
		7CAC19512067F21300B38ACE /* Main.storyboard */ = {
			isa = PBXVariantGroup;
			children = (
				7CAC19522067F21300B38ACE /* Base */,
			);
			name = Main.storyboard;
			sourceTree = "<group>";
		};
		7CAC19562067F21300B38ACE /* LaunchScreen.storyboard */ = {
			isa = PBXVariantGroup;
			children = (
				7CAC19572067F21300B38ACE /* Base */,
			);
			name = LaunchScreen.storyboard;
			sourceTree = "<group>";
		};
/* End PBXVariantGroup section */

/* Begin XCBuildConfiguration section */
		7CAC195A2067F21300B38ACE /* Debug */ = {
			isa = XCBuildConfiguration;
			buildSettings = {
				ALWAYS_SEARCH_USER_PATHS = NO;
				CLANG_ANALYZER_NONNULL = YES;
				CLANG_ANALYZER_NUMBER_OBJECT_CONVERSION = YES_AGGRESSIVE;
				CLANG_CXX_LANGUAGE_STANDARD = "gnu++14";
				CLANG_CXX_LIBRARY = "libc++";
				CLANG_ENABLE_MODULES = YES;
				CLANG_ENABLE_OBJC_ARC = YES;
				CLANG_WARN_BLOCK_CAPTURE_AUTORELEASING = YES;
				CLANG_WARN_BOOL_CONVERSION = YES;
				CLANG_WARN_COMMA = YES;
				CLANG_WARN_CONSTANT_CONVERSION = YES;
				CLANG_WARN_DIRECT_OBJC_ISA_USAGE = YES_ERROR;
				CLANG_WARN_DOCUMENTATION_COMMENTS = YES;
				CLANG_WARN_EMPTY_BODY = YES;
				CLANG_WARN_ENUM_CONVERSION = YES;
				CLANG_WARN_INFINITE_RECURSION = YES;
				CLANG_WARN_INT_CONVERSION = YES;
				CLANG_WARN_NON_LITERAL_NULL_CONVERSION = YES;
				CLANG_WARN_OBJC_LITERAL_CONVERSION = YES;
				CLANG_WARN_OBJC_ROOT_CLASS = YES_ERROR;
				CLANG_WARN_RANGE_LOOP_ANALYSIS = YES;
				CLANG_WARN_STRICT_PROTOTYPES = YES;
				CLANG_WARN_SUSPICIOUS_MOVE = YES;
				CLANG_WARN_UNGUARDED_AVAILABILITY = YES_AGGRESSIVE;
				CLANG_WARN_UNREACHABLE_CODE = YES;
				CLANG_WARN__DUPLICATE_METHOD_MATCH = YES;
				CODE_SIGN_IDENTITY = "iPhone Developer";
				COPY_PHASE_STRIP = NO;
				DEBUG_INFORMATION_FORMAT = dwarf;
				ENABLE_STRICT_OBJC_MSGSEND = YES;
				ENABLE_TESTABILITY = YES;
				GCC_C_LANGUAGE_STANDARD = gnu11;
				GCC_DYNAMIC_NO_PIC = NO;
				GCC_NO_COMMON_BLOCKS = YES;
				GCC_OPTIMIZATION_LEVEL = 0;
				GCC_PREPROCESSOR_DEFINITIONS = (
					"DEBUG=1",
					"$(inherited)",
				);
				GCC_WARN_64_TO_32_BIT_CONVERSION = YES;
				GCC_WARN_ABOUT_RETURN_TYPE = YES_ERROR;
				GCC_WARN_UNDECLARED_SELECTOR = YES;
				GCC_WARN_UNINITIALIZED_AUTOS = YES_AGGRESSIVE;
				GCC_WARN_UNUSED_FUNCTION = YES;
				GCC_WARN_UNUSED_VARIABLE = YES;
				IPHONEOS_DEPLOYMENT_TARGET = 11.2;
				MTL_ENABLE_DEBUG_INFO = YES;
				ONLY_ACTIVE_ARCH = YES;
				SDKROOT = iphoneos;
				SWIFT_ACTIVE_COMPILATION_CONDITIONS = DEBUG;
				SWIFT_OPTIMIZATION_LEVEL = "-Onone";
			};
			name = Debug;
		};
		7CAC195B2067F21300B38ACE /* Release */ = {
			isa = XCBuildConfiguration;
			buildSettings = {
				ALWAYS_SEARCH_USER_PATHS = NO;
				CLANG_ANALYZER_NONNULL = YES;
				CLANG_ANALYZER_NUMBER_OBJECT_CONVERSION = YES_AGGRESSIVE;
				CLANG_CXX_LANGUAGE_STANDARD = "gnu++14";
				CLANG_CXX_LIBRARY = "libc++";
				CLANG_ENABLE_MODULES = YES;
				CLANG_ENABLE_OBJC_ARC = YES;
				CLANG_WARN_BLOCK_CAPTURE_AUTORELEASING = YES;
				CLANG_WARN_BOOL_CONVERSION = YES;
				CLANG_WARN_COMMA = YES;
				CLANG_WARN_CONSTANT_CONVERSION = YES;
				CLANG_WARN_DIRECT_OBJC_ISA_USAGE = YES_ERROR;
				CLANG_WARN_DOCUMENTATION_COMMENTS = YES;
				CLANG_WARN_EMPTY_BODY = YES;
				CLANG_WARN_ENUM_CONVERSION = YES;
				CLANG_WARN_INFINITE_RECURSION = YES;
				CLANG_WARN_INT_CONVERSION = YES;
				CLANG_WARN_NON_LITERAL_NULL_CONVERSION = YES;
				CLANG_WARN_OBJC_LITERAL_CONVERSION = YES;
				CLANG_WARN_OBJC_ROOT_CLASS = YES_ERROR;
				CLANG_WARN_RANGE_LOOP_ANALYSIS = YES;
				CLANG_WARN_STRICT_PROTOTYPES = YES;
				CLANG_WARN_SUSPICIOUS_MOVE = YES;
				CLANG_WARN_UNGUARDED_AVAILABILITY = YES_AGGRESSIVE;
				CLANG_WARN_UNREACHABLE_CODE = YES;
				CLANG_WARN__DUPLICATE_METHOD_MATCH = YES;
				CODE_SIGN_IDENTITY = "iPhone Developer";
				COPY_PHASE_STRIP = NO;
				DEBUG_INFORMATION_FORMAT = "dwarf-with-dsym";
				ENABLE_NS_ASSERTIONS = NO;
				ENABLE_STRICT_OBJC_MSGSEND = YES;
				GCC_C_LANGUAGE_STANDARD = gnu11;
				GCC_NO_COMMON_BLOCKS = YES;
				GCC_WARN_64_TO_32_BIT_CONVERSION = YES;
				GCC_WARN_ABOUT_RETURN_TYPE = YES_ERROR;
				GCC_WARN_UNDECLARED_SELECTOR = YES;
				GCC_WARN_UNINITIALIZED_AUTOS = YES_AGGRESSIVE;
				GCC_WARN_UNUSED_FUNCTION = YES;
				GCC_WARN_UNUSED_VARIABLE = YES;
				IPHONEOS_DEPLOYMENT_TARGET = 11.2;
				MTL_ENABLE_DEBUG_INFO = NO;
				SDKROOT = iphoneos;
				SWIFT_OPTIMIZATION_LEVEL = "-Owholemodule";
				VALIDATE_PRODUCT = YES;
			};
			name = Release;
		};
		7CAC195D2067F21300B38ACE /* Debug */ = {
			isa = XCBuildConfiguration;
			baseConfigurationReference = 0C65C46194CBD53A7DBFD1FD /* Pods-OutSideInsidePushNotifications.debug.xcconfig */;
			buildSettings = {
				ALWAYS_EMBED_SWIFT_STANDARD_LIBRARIES = YES;
				ASSETCATALOG_COMPILER_APPICON_NAME = AppIcon;
				CODE_SIGN_ENTITLEMENTS = OutSideInsidePushNotifications/OutSideInsidePushNotifications.entitlements;
				CODE_SIGN_STYLE = Manual;
				DEVELOPMENT_TEAM = 33NC89QWWR;
				INFOPLIST_FILE = "$(SRCROOT)/OutSideInsidePushNotifications/Commons/Info.plist";
				LD_RUNPATH_SEARCH_PATHS = "$(inherited) @executable_path/Frameworks";
				PRODUCT_BUNDLE_IDENTIFIER = ru.timbaev.pushNotification;
				PRODUCT_NAME = "$(TARGET_NAME)";
				PROVISIONING_PROFILE = "64e309c0-0d35-479a-8c0a-87cd6a69d583";
				PROVISIONING_PROFILE_SPECIFIER = "TimDam Notifications";
				SWIFT_VERSION = 4.0;
				TARGETED_DEVICE_FAMILY = "1,2";
			};
			name = Debug;
		};
		7CAC195E2067F21300B38ACE /* Release */ = {
			isa = XCBuildConfiguration;
			baseConfigurationReference = CD4F0C6D923E1409A0CC70A9 /* Pods-OutSideInsidePushNotifications.release.xcconfig */;
			buildSettings = {
				ALWAYS_EMBED_SWIFT_STANDARD_LIBRARIES = YES;
				ASSETCATALOG_COMPILER_APPICON_NAME = AppIcon;
				CODE_SIGN_ENTITLEMENTS = OutSideInsidePushNotifications/OutSideInsidePushNotifications.entitlements;
				CODE_SIGN_STYLE = Manual;
				DEVELOPMENT_TEAM = 33NC89QWWR;
				INFOPLIST_FILE = "$(SRCROOT)/OutSideInsidePushNotifications/Commons/Info.plist";
				LD_RUNPATH_SEARCH_PATHS = "$(inherited) @executable_path/Frameworks";
				PRODUCT_BUNDLE_IDENTIFIER = ru.timbaev.pushNotification;
				PRODUCT_NAME = "$(TARGET_NAME)";
				PROVISIONING_PROFILE = "7c39b073-840a-444d-837f-6a5fa873a801";
				PROVISIONING_PROFILE_SPECIFIER = "TimDam Notifications";
				SWIFT_VERSION = 4.0;
				TARGETED_DEVICE_FAMILY = "1,2";
			};
			name = Release;
		};
		FF8A1781206C303B00242631 /* Debug */ = {
			isa = XCBuildConfiguration;
			buildSettings = {
				CODE_SIGN_STYLE = Automatic;
				DEVELOPMENT_TEAM = 33NC89QWWR;
				INFOPLIST_FILE = NotificationServiceExtension/Info.plist;
				LD_RUNPATH_SEARCH_PATHS = "$(inherited) @executable_path/Frameworks @executable_path/../../Frameworks";
				PRODUCT_BUNDLE_IDENTIFIER = ru.timbaev.pushNotification.NotificationServiceExtension;
				PRODUCT_NAME = "$(TARGET_NAME)";
				SKIP_INSTALL = YES;
				SWIFT_VERSION = 4.0;
				TARGETED_DEVICE_FAMILY = "1,2";
			};
			name = Debug;
		};
		FF8A1782206C303B00242631 /* Release */ = {
			isa = XCBuildConfiguration;
			buildSettings = {
				CODE_SIGN_STYLE = Automatic;
				DEVELOPMENT_TEAM = 33NC89QWWR;
				INFOPLIST_FILE = NotificationServiceExtension/Info.plist;
				LD_RUNPATH_SEARCH_PATHS = "$(inherited) @executable_path/Frameworks @executable_path/../../Frameworks";
				PRODUCT_BUNDLE_IDENTIFIER = ru.timbaev.pushNotification.NotificationServiceExtension;
				PRODUCT_NAME = "$(TARGET_NAME)";
				SKIP_INSTALL = YES;
				SWIFT_VERSION = 4.0;
				TARGETED_DEVICE_FAMILY = "1,2";
			};
			name = Release;
		};
/* End XCBuildConfiguration section */

/* Begin XCConfigurationList section */
		7CAC19452067F21300B38ACE /* Build configuration list for PBXProject "OutSideInsidePushNotifications" */ = {
			isa = XCConfigurationList;
			buildConfigurations = (
				7CAC195A2067F21300B38ACE /* Debug */,
				7CAC195B2067F21300B38ACE /* Release */,
			);
			defaultConfigurationIsVisible = 0;
			defaultConfigurationName = Release;
		};
		7CAC195C2067F21300B38ACE /* Build configuration list for PBXNativeTarget "OutSideInsidePushNotifications" */ = {
			isa = XCConfigurationList;
			buildConfigurations = (
				7CAC195D2067F21300B38ACE /* Debug */,
				7CAC195E2067F21300B38ACE /* Release */,
			);
			defaultConfigurationIsVisible = 0;
			defaultConfigurationName = Release;
		};
		FF8A1780206C303B00242631 /* Build configuration list for PBXNativeTarget "NotificationServiceExtension" */ = {
			isa = XCConfigurationList;
			buildConfigurations = (
				FF8A1781206C303B00242631 /* Debug */,
				FF8A1782206C303B00242631 /* Release */,
			);
			defaultConfigurationIsVisible = 0;
			defaultConfigurationName = Release;
		};
/* End XCConfigurationList section */
	};
	rootObject = 7CAC19422067F21300B38ACE /* Project object */;
}
